
Microsoft Visual Studio Solution File, Format Version 12.00
# Visual Studio Version 16
VisualStudioVersion = 16.0.33328.57
MinimumVisualStudioVersion = 10.0.40219.1
Project("{FAE04EC0-301F-11D3-BF4B-00C04F79EFBC}") = "Method", "Method\Method.csproj", "{FAB6195F-7DD6-4F91-B101-D79888A2F6AB}"
EndProject
Project("{FAE04EC0-301F-11D3-BF4B-00C04F79EFBC}") = "RecursiveCall", "RecursiveCall\RecursiveCall.csproj", "{B977400D-3144-479E-84CE-B744F3E67282}"
EndProject
Project("{FAE04EC0-301F-11D3-BF4B-00C04F79EFBC}") = "Return", "Return\Return.csproj", "{1FA6757D-615D-4451-B2C9-95F9FFCD1F31}"
EndProject
Project("{FAE04EC0-301F-11D3-BF4B-00C04F79EFBC}") = "SwapByValue", "SwapByValue\SwapByValue.csproj", "{7D15A31F-E456-4EDF-BFED-AE4AB4A0C1FB}"
EndProject
Project("{FAE04EC0-301F-11D3-BF4B-00C04F79EFBC}") = "SwapByRef", "SwapByRef\SwapByRef.csproj", "{71E64DEA-EFA1-40C1-91BA-8FF2C78B79A7}"
EndProject
Project("{FAE04EC0-301F-11D3-BF4B-00C04F79EFBC}") = "RefReturn", "RefReturn\RefReturn.csproj", "{D6149060-C0A2-4BD8-AF31-FCE2DDC73804}"
EndProject
Project("{FAE04EC0-301F-11D3-BF4B-00C04F79EFBC}") = "UsingOut", "UsingOut\UsingOut.csproj", "{A794878E-AA39-46E4-94E2-7862E32C2658}"
EndProject
Project("{FAE04EC0-301F-11D3-BF4B-00C04F79EFBC}") = "OverLoading", "OverLoading\OverLoading.csproj", "{C844FB7E-C3E6-475C-8CE5-1C9B1BC4CAE9}"
EndProject
Project("{FAE04EC0-301F-11D3-BF4B-00C04F79EFBC}") = "UsingParams", "UsingParams\UsingParams.csproj", "{63A506A8-73EE-4DA4-BFC4-22ABBD8F05CC}"
EndProject
Project("{FAE04EC0-301F-11D3-BF4B-00C04F79EFBC}") = "NamedParameter", "NamedParameter\NamedParameter.csproj", "{A6BD37A1-4E1D-4760-B339-97FEE2D232C3}"
EndProject
Project("{FAE04EC0-301F-11D3-BF4B-00C04F79EFBC}") = "OprionalParameter", "OprionalParameter\OprionalParameter.csproj", "{786636EF-33BD-4F0E-9B5F-B4C266FE01CD}"
EndProject
Project("{FAE04EC0-301F-11D3-BF4B-00C04F79EFBC}") = "LocalFunction", "LocalFunction\LocalFunction.csproj", "{8D7FFFEA-0A11-4861-9A2E-EFDDE014A841}"
EndProject
Global
	GlobalSection(SolutionConfigurationPlatforms) = preSolution
		Debug|Any CPU = Debug|Any CPU
		Release|Any CPU = Release|Any CPU
	EndGlobalSection
	GlobalSection(ProjectConfigurationPlatforms) = postSolution
		{FAB6195F-7DD6-4F91-B101-D79888A2F6AB}.Debug|Any CPU.ActiveCfg = Debug|Any CPU
		{FAB6195F-7DD6-4F91-B101-D79888A2F6AB}.Debug|Any CPU.Build.0 = Debug|Any CPU
		{FAB6195F-7DD6-4F91-B101-D79888A2F6AB}.Release|Any CPU.ActiveCfg = Release|Any CPU
		{FAB6195F-7DD6-4F91-B101-D79888A2F6AB}.Release|Any CPU.Build.0 = Release|Any CPU
		{B977400D-3144-479E-84CE-B744F3E67282}.Debug|Any CPU.ActiveCfg = Debug|Any CPU
		{B977400D-3144-479E-84CE-B744F3E67282}.Debug|Any CPU.Build.0 = Debug|Any CPU
		{B977400D-3144-479E-84CE-B744F3E67282}.Release|Any CPU.ActiveCfg = Release|Any CPU
		{B977400D-3144-479E-84CE-B744F3E67282}.Release|Any CPU.Build.0 = Release|Any CPU
		{1FA6757D-615D-4451-B2C9-95F9FFCD1F31}.Debug|Any CPU.ActiveCfg = Debug|Any CPU
		{1FA6757D-615D-4451-B2C9-95F9FFCD1F31}.Debug|Any CPU.Build.0 = Debug|Any CPU
		{1FA6757D-615D-4451-B2C9-95F9FFCD1F31}.Release|Any CPU.ActiveCfg = Release|Any CPU
		{1FA6757D-615D-4451-B2C9-95F9FFCD1F31}.Release|Any CPU.Build.0 = Release|Any CPU
		{7D15A31F-E456-4EDF-BFED-AE4AB4A0C1FB}.Debug|Any CPU.ActiveCfg = Debug|Any CPU
		{7D15A31F-E456-4EDF-BFED-AE4AB4A0C1FB}.Debug|Any CPU.Build.0 = Debug|Any CPU
		{7D15A31F-E456-4EDF-BFED-AE4AB4A0C1FB}.Release|Any CPU.ActiveCfg = Release|Any CPU
		{7D15A31F-E456-4EDF-BFED-AE4AB4A0C1FB}.Release|Any CPU.Build.0 = Release|Any CPU
		{71E64DEA-EFA1-40C1-91BA-8FF2C78B79A7}.Debug|Any CPU.ActiveCfg = Debug|Any CPU
		{71E64DEA-EFA1-40C1-91BA-8FF2C78B79A7}.Debug|Any CPU.Build.0 = Debug|Any CPU
		{71E64DEA-EFA1-40C1-91BA-8FF2C78B79A7}.Release|Any CPU.ActiveCfg = Release|Any CPU
		{71E64DEA-EFA1-40C1-91BA-8FF2C78B79A7}.Release|Any CPU.Build.0 = Release|Any CPU
		{D6149060-C0A2-4BD8-AF31-FCE2DDC73804}.Debug|Any CPU.ActiveCfg = Debug|Any CPU
		{D6149060-C0A2-4BD8-AF31-FCE2DDC73804}.Debug|Any CPU.Build.0 = Debug|Any CPU
		{D6149060-C0A2-4BD8-AF31-FCE2DDC73804}.Release|Any CPU.ActiveCfg = Release|Any CPU
		{D6149060-C0A2-4BD8-AF31-FCE2DDC73804}.Release|Any CPU.Build.0 = Release|Any CPU
		{A794878E-AA39-46E4-94E2-7862E32C2658}.Debug|Any CPU.ActiveCfg = Debug|Any CPU
		{A794878E-AA39-46E4-94E2-7862E32C2658}.Debug|Any CPU.Build.0 = Debug|Any CPU
		{A794878E-AA39-46E4-94E2-7862E32C2658}.Release|Any CPU.ActiveCfg = Release|Any CPU
		{A794878E-AA39-46E4-94E2-7862E32C2658}.Release|Any CPU.Build.0 = Release|Any CPU
		{C844FB7E-C3E6-475C-8CE5-1C9B1BC4CAE9}.Debug|Any CPU.ActiveCfg = Debug|Any CPU
		{C844FB7E-C3E6-475C-8CE5-1C9B1BC4CAE9}.Debug|Any CPU.Build.0 = Debug|Any CPU
		{C844FB7E-C3E6-475C-8CE5-1C9B1BC4CAE9}.Release|Any CPU.ActiveCfg = Release|Any CPU
		{C844FB7E-C3E6-475C-8CE5-1C9B1BC4CAE9}.Release|Any CPU.Build.0 = Release|Any CPU
		{63A506A8-73EE-4DA4-BFC4-22ABBD8F05CC}.Debug|Any CPU.ActiveCfg = Debug|Any CPU
		{63A506A8-73EE-4DA4-BFC4-22ABBD8F05CC}.Debug|Any CPU.Build.0 = Debug|Any CPU
		{63A506A8-73EE-4DA4-BFC4-22ABBD8F05CC}.Release|Any CPU.ActiveCfg = Release|Any CPU
		{63A506A8-73EE-4DA4-BFC4-22ABBD8F05CC}.Release|Any CPU.Build.0 = Release|Any CPU
		{A6BD37A1-4E1D-4760-B339-97FEE2D232C3}.Debug|Any CPU.ActiveCfg = Debug|Any CPU
		{A6BD37A1-4E1D-4760-B339-97FEE2D232C3}.Debug|Any CPU.Build.0 = Debug|Any CPU
		{A6BD37A1-4E1D-4760-B339-97FEE2D232C3}.Release|Any CPU.ActiveCfg = Release|Any CPU
		{A6BD37A1-4E1D-4760-B339-97FEE2D232C3}.Release|Any CPU.Build.0 = Release|Any CPU
		{786636EF-33BD-4F0E-9B5F-B4C266FE01CD}.Debug|Any CPU.ActiveCfg = Debug|Any CPU
		{786636EF-33BD-4F0E-9B5F-B4C266FE01CD}.Debug|Any CPU.Build.0 = Debug|Any CPU
		{786636EF-33BD-4F0E-9B5F-B4C266FE01CD}.Release|Any CPU.ActiveCfg = Release|Any CPU
		{786636EF-33BD-4F0E-9B5F-B4C266FE01CD}.Release|Any CPU.Build.0 = Release|Any CPU
		{8D7FFFEA-0A11-4861-9A2E-EFDDE014A841}.Debug|Any CPU.ActiveCfg = Debug|Any CPU
		{8D7FFFEA-0A11-4861-9A2E-EFDDE014A841}.Debug|Any CPU.Build.0 = Debug|Any CPU
		{8D7FFFEA-0A11-4861-9A2E-EFDDE014A841}.Release|Any CPU.ActiveCfg = Release|Any CPU
		{8D7FFFEA-0A11-4861-9A2E-EFDDE014A841}.Release|Any CPU.Build.0 = Release|Any CPU
	EndGlobalSection
	GlobalSection(SolutionProperties) = preSolution
		HideSolutionNode = FALSE
	EndGlobalSection
	GlobalSection(ExtensibilityGlobals) = postSolution
		SolutionGuid = {43732411-0AD1-4302-8398-4C92885362DB}
	EndGlobalSection
EndGlobal
